
Microsoft Visual Studio Solution File, Format Version 12.00
# Visual Studio Version 17
VisualStudioVersion = 17.8.34322.80
MinimumVisualStudioVersion = 10.0.40219.1
Project("{FAE04EC0-301F-11D3-BF4B-00C04F79EFBC}") = "Sirket.Win32", "Sirket.Win32\Sirket.Win32.csproj", "{0E6B6CE3-96BE-4E0B-889F-8B1B67DF4DFD}"
EndProject
Project("{FAE04EC0-301F-11D3-BF4B-00C04F79EFBC}") = "Sirket.Admin", "Sirket.Admin\Sirket.Admin.csproj", "{0D596889-DA5C-45C5-A6BD-E6502F8EB832}"
EndProject
Project("{FAE04EC0-301F-11D3-BF4B-00C04F79EFBC}") = "Sirket.UI", "Sirket.UI\Sirket.UI.csproj", "{5A16E6D7-6BBD-411D-ABB7-237AF9710A57}"
EndProject
Project("{FAE04EC0-301F-11D3-BF4B-00C04F79EFBC}") = "Sirket.Data", "Sirket.Data\Sirket.Data.csproj", "{D29D664C-E818-4F97-ADB4-113AFA92EE43}"
EndProject
Project("{FAE04EC0-301F-11D3-BF4B-00C04F79EFBC}") = "Sirket.Core", "Sirket.Core\Sirket.Core.csproj", "{E5DD428B-4A12-479C-B1A0-8D61AF6385C0}"
EndProject
Global
	GlobalSection(SolutionConfigurationPlatforms) = preSolution
		Debug|Any CPU = Debug|Any CPU
		Release|Any CPU = Release|Any CPU
	EndGlobalSection
	GlobalSection(ProjectConfigurationPlatforms) = postSolution
		{0E6B6CE3-96BE-4E0B-889F-8B1B67DF4DFD}.Debug|Any CPU.ActiveCfg = Debug|Any CPU
		{0E6B6CE3-96BE-4E0B-889F-8B1B67DF4DFD}.Debug|Any CPU.Build.0 = Debug|Any CPU
		{0E6B6CE3-96BE-4E0B-889F-8B1B67DF4DFD}.Release|Any CPU.ActiveCfg = Release|Any CPU
		{0E6B6CE3-96BE-4E0B-889F-8B1B67DF4DFD}.Release|Any CPU.Build.0 = Release|Any CPU
		{0D596889-DA5C-45C5-A6BD-E6502F8EB832}.Debug|Any CPU.ActiveCfg = Debug|Any CPU
		{0D596889-DA5C-45C5-A6BD-E6502F8EB832}.Debug|Any CPU.Build.0 = Debug|Any CPU
		{0D596889-DA5C-45C5-A6BD-E6502F8EB832}.Release|Any CPU.ActiveCfg = Release|Any CPU
		{0D596889-DA5C-45C5-A6BD-E6502F8EB832}.Release|Any CPU.Build.0 = Release|Any CPU
		{5A16E6D7-6BBD-411D-ABB7-237AF9710A57}.Debug|Any CPU.ActiveCfg = Debug|Any CPU
		{5A16E6D7-6BBD-411D-ABB7-237AF9710A57}.Debug|Any CPU.Build.0 = Debug|Any CPU
		{5A16E6D7-6BBD-411D-ABB7-237AF9710A57}.Release|Any CPU.ActiveCfg = Release|Any CPU
		{5A16E6D7-6BBD-411D-ABB7-237AF9710A57}.Release|Any CPU.Build.0 = Release|Any CPU
		{D29D664C-E818-4F97-ADB4-113AFA92EE43}.Debug|Any CPU.ActiveCfg = Debug|Any CPU
		{D29D664C-E818-4F97-ADB4-113AFA92EE43}.Debug|Any CPU.Build.0 = Debug|Any CPU
		{D29D664C-E818-4F97-ADB4-113AFA92EE43}.Release|Any CPU.ActiveCfg = Release|Any CPU
		{D29D664C-E818-4F97-ADB4-113AFA92EE43}.Release|Any CPU.Build.0 = Release|Any CPU
		{E5DD428B-4A12-479C-B1A0-8D61AF6385C0}.Debug|Any CPU.ActiveCfg = Debug|Any CPU
		{E5DD428B-4A12-479C-B1A0-8D61AF6385C0}.Debug|Any CPU.Build.0 = Debug|Any CPU
		{E5DD428B-4A12-479C-B1A0-8D61AF6385C0}.Release|Any CPU.ActiveCfg = Release|Any CPU
		{E5DD428B-4A12-479C-B1A0-8D61AF6385C0}.Release|Any CPU.Build.0 = Release|Any CPU
	EndGlobalSection
	GlobalSection(SolutionProperties) = preSolution
		HideSolutionNode = FALSE
	EndGlobalSection
	GlobalSection(ExtensibilityGlobals) = postSolution
		SolutionGuid = {4455A71A-64CE-41DB-A52A-37E058084EC7}
	EndGlobalSection
EndGlobal
